
Microsoft Visual Studio Solution File, Format Version 12.00
# Visual Studio Version 17
VisualStudioVersion = 17.3.32929.385
MinimumVisualStudioVersion = 10.0.40219.1
Project("{FAE04EC0-301F-11D3-BF4B-00C04F79EFBC}") = "WindowsFormsAppPrincipal", "WindowsFormsAppPrincipal\WindowsFormsAppPrincipal.csproj", "{61BDA414-25A7-4B03-BE3D-B65086D3FFE3}"
EndProject
Project("{FAE04EC0-301F-11D3-BF4B-00C04F79EFBC}") = "Models", "Models\Models.csproj", "{4F6AB256-3CBF-4A8E-A73A-225ABC3E2C44}"
EndProject
Project("{FAE04EC0-301F-11D3-BF4B-00C04F79EFBC}") = "DAL", "DAL\DAL.csproj", "{2A0C1513-3D7F-4EB9-B7C0-A087FC296F36}"
EndProject
Project("{FAE04EC0-301F-11D3-BF4B-00C04F79EFBC}") = "BLL", "BLL\BLL.csproj", "{34FF2148-4C91-4D64-9D68-485A095169B9}"
EndProject
Global
	GlobalSection(SolutionConfigurationPlatforms) = preSolution
		Debug|Any CPU = Debug|Any CPU
		Release|Any CPU = Release|Any CPU
	EndGlobalSection
	GlobalSection(ProjectConfigurationPlatforms) = postSolution
		{61BDA414-25A7-4B03-BE3D-B65086D3FFE3}.Debug|Any CPU.ActiveCfg = Debug|Any CPU
		{61BDA414-25A7-4B03-BE3D-B65086D3FFE3}.Debug|Any CPU.Build.0 = Debug|Any CPU
		{61BDA414-25A7-4B03-BE3D-B65086D3FFE3}.Release|Any CPU.ActiveCfg = Release|Any CPU
		{61BDA414-25A7-4B03-BE3D-B65086D3FFE3}.Release|Any CPU.Build.0 = Release|Any CPU
		{4F6AB256-3CBF-4A8E-A73A-225ABC3E2C44}.Debug|Any CPU.ActiveCfg = Debug|Any CPU
		{4F6AB256-3CBF-4A8E-A73A-225ABC3E2C44}.Debug|Any CPU.Build.0 = Debug|Any CPU
		{4F6AB256-3CBF-4A8E-A73A-225ABC3E2C44}.Release|Any CPU.ActiveCfg = Release|Any CPU
		{4F6AB256-3CBF-4A8E-A73A-225ABC3E2C44}.Release|Any CPU.Build.0 = Release|Any CPU
		{2A0C1513-3D7F-4EB9-B7C0-A087FC296F36}.Debug|Any CPU.ActiveCfg = Debug|Any CPU
		{2A0C1513-3D7F-4EB9-B7C0-A087FC296F36}.Debug|Any CPU.Build.0 = Debug|Any CPU
		{2A0C1513-3D7F-4EB9-B7C0-A087FC296F36}.Release|Any CPU.ActiveCfg = Release|Any CPU
		{2A0C1513-3D7F-4EB9-B7C0-A087FC296F36}.Release|Any CPU.Build.0 = Release|Any CPU
		{34FF2148-4C91-4D64-9D68-485A095169B9}.Debug|Any CPU.ActiveCfg = Debug|Any CPU
		{34FF2148-4C91-4D64-9D68-485A095169B9}.Debug|Any CPU.Build.0 = Debug|Any CPU
		{34FF2148-4C91-4D64-9D68-485A095169B9}.Release|Any CPU.ActiveCfg = Release|Any CPU
		{34FF2148-4C91-4D64-9D68-485A095169B9}.Release|Any CPU.Build.0 = Release|Any CPU
	EndGlobalSection
	GlobalSection(SolutionProperties) = preSolution
		HideSolutionNode = FALSE
	EndGlobalSection
	GlobalSection(ExtensibilityGlobals) = postSolution
		SolutionGuid = {6526EAB4-1DC8-45B6-B610-B14AB399E807}
	EndGlobalSection
EndGlobal
